// !$*UTF8*$!
{
	archiveVersion = 1;
	classes = {
	};
	objectVersion = 56;
	objects = {

/* Begin PBXBuildFile section */
		511165CD2AEC6DAC00C8AB1D /* Character.swift in Sources */ = {isa = PBXBuildFile; fileRef = 511165CC2AEC6DAC00C8AB1D /* Character.swift */; };
		511165CF2AEC892300C8AB1D /* GameplayView.swift in Sources */ = {isa = PBXBuildFile; fileRef = 511165CE2AEC892300C8AB1D /* GameplayView.swift */; };
		511165D92AED684000C8AB1D /* CharacterStatistics.swift in Sources */ = {isa = PBXBuildFile; fileRef = 511165D82AED684000C8AB1D /* CharacterStatistics.swift */; };
		511165DB2AED68B200C8AB1D /* Chest.swift in Sources */ = {isa = PBXBuildFile; fileRef = 511165DA2AED68B200C8AB1D /* Chest.swift */; };
		511165DD2AED693000C8AB1D /* Relationship.swift in Sources */ = {isa = PBXBuildFile; fileRef = 511165DC2AED693000C8AB1D /* Relationship.swift */; };
		511165E02AED697600C8AB1D /* RelationshipEnum.swift in Sources */ = {isa = PBXBuildFile; fileRef = 511165DF2AED697600C8AB1D /* RelationshipEnum.swift */; };
		511165E22AED6AAD00C8AB1D /* Game.swift in Sources */ = {isa = PBXBuildFile; fileRef = 511165E12AED6AAD00C8AB1D /* Game.swift */; };
		511165E42AED6BB700C8AB1D /* Ability.swift in Sources */ = {isa = PBXBuildFile; fileRef = 511165E32AED6BB700C8AB1D /* Ability.swift */; };
		511165E62AED6C2B00C8AB1D /* AbilityStatistics.swift in Sources */ = {isa = PBXBuildFile; fileRef = 511165E52AED6C2B00C8AB1D /* AbilityStatistics.swift */; };
		511165E82AED6C7D00C8AB1D /* DeathDamage.swift in Sources */ = {isa = PBXBuildFile; fileRef = 511165E72AED6C7D00C8AB1D /* DeathDamage.swift */; };
		511165EA2AED6CC100C8AB1D /* Poison.swift in Sources */ = {isa = PBXBuildFile; fileRef = 511165E92AED6CC100C8AB1D /* Poison.swift */; };
		511165EC2AED6D0200C8AB1D /* ChargedBoom.swift in Sources */ = {isa = PBXBuildFile; fileRef = 511165EB2AED6D0200C8AB1D /* ChargedBoom.swift */; };
		511165EE2AED6D5300C8AB1D /* Sacrifice.swift in Sources */ = {isa = PBXBuildFile; fileRef = 511165ED2AED6D5300C8AB1D /* Sacrifice.swift */; };
		511165F02AED6E1A00C8AB1D /* User.swift in Sources */ = {isa = PBXBuildFile; fileRef = 511165EF2AED6E1A00C8AB1D /* User.swift */; };
		511165F22AED6E9200C8AB1D /* CharactersOwned.swift in Sources */ = {isa = PBXBuildFile; fileRef = 511165F12AED6E9200C8AB1D /* CharactersOwned.swift */; };
		511165F42AED6EDA00C8AB1D /* UserGame.swift in Sources */ = {isa = PBXBuildFile; fileRef = 511165F32AED6EDA00C8AB1D /* UserGame.swift */; };
		511165F72AED6F1400C8AB1D /* CardsChosen.swift in Sources */ = {isa = PBXBuildFile; fileRef = 511165F62AED6F1400C8AB1D /* CardsChosen.swift */; };
		511165F92AED6F4A00C8AB1D /* CharactersOnBoard.swift in Sources */ = {isa = PBXBuildFile; fileRef = 511165F82AED6F4A00C8AB1D /* CharactersOnBoard.swift */; };
		511165FE2AED701B00C8AB1D /* UserChests.swift in Sources */ = {isa = PBXBuildFile; fileRef = 511165FD2AED701B00C8AB1D /* UserChests.swift */; };
		511166002AED702E00C8AB1D /* UserChest.swift in Sources */ = {isa = PBXBuildFile; fileRef = 511165FF2AED702E00C8AB1D /* UserChest.swift */; };
		511166072AED989300C8AB1D /* CharacterProfile.swift in Sources */ = {isa = PBXBuildFile; fileRef = 511166062AED989300C8AB1D /* CharacterProfile.swift */; };
		511166092AEDC24100C8AB1D /* OwnedCharacters.swift in Sources */ = {isa = PBXBuildFile; fileRef = 511166082AEDC24100C8AB1D /* OwnedCharacters.swift */; };
		511166122AF08F9E00C8AB1D /* ChooseCharacters.swift in Sources */ = {isa = PBXBuildFile; fileRef = 511166112AF08F9E00C8AB1D /* ChooseCharacters.swift */; };
		511166162AF09AF900C8AB1D /* CardHolderSelection.swift in Sources */ = {isa = PBXBuildFile; fileRef = 511166152AF09AF900C8AB1D /* CardHolderSelection.swift */; };
		511667132AEB2BCA002BD0AC /* EmptyCardHolder.swift in Sources */ = {isa = PBXBuildFile; fileRef = 511667122AEB2BCA002BD0AC /* EmptyCardHolder.swift */; };
		511667162AEC5CDC002BD0AC /* EmptyCardHolderSet.swift in Sources */ = {isa = PBXBuildFile; fileRef = 511667152AEC5CDC002BD0AC /* EmptyCardHolderSet.swift */; };
		51A773912AE0A488004C0BA7 /* Abilities_Unchained_Card_DuelsApp.swift in Sources */ = {isa = PBXBuildFile; fileRef = 51A773902AE0A488004C0BA7 /* Abilities_Unchained_Card_DuelsApp.swift */; };
		51A773932AE0A488004C0BA7 /* ContentView.swift in Sources */ = {isa = PBXBuildFile; fileRef = 51A773922AE0A488004C0BA7 /* ContentView.swift */; };
		51A773952AE0A489004C0BA7 /* Assets.xcassets in Resources */ = {isa = PBXBuildFile; fileRef = 51A773942AE0A489004C0BA7 /* Assets.xcassets */; };
		51A773982AE0A489004C0BA7 /* Preview Assets.xcassets in Resources */ = {isa = PBXBuildFile; fileRef = 51A773972AE0A489004C0BA7 /* Preview Assets.xcassets */; };
/* End PBXBuildFile section */

/* Begin PBXFileReference section */
		511165CC2AEC6DAC00C8AB1D /* Character.swift */ = {isa = PBXFileReference; lastKnownFileType = sourcecode.swift; path = Character.swift; sourceTree = "<group>"; };
		511165CE2AEC892300C8AB1D /* GameplayView.swift */ = {isa = PBXFileReference; lastKnownFileType = sourcecode.swift; path = GameplayView.swift; sourceTree = "<group>"; };
		511165D82AED684000C8AB1D /* CharacterStatistics.swift */ = {isa = PBXFileReference; lastKnownFileType = sourcecode.swift; path = CharacterStatistics.swift; sourceTree = "<group>"; };
		511165DA2AED68B200C8AB1D /* Chest.swift */ = {isa = PBXFileReference; lastKnownFileType = sourcecode.swift; path = Chest.swift; sourceTree = "<group>"; };
		511165DC2AED693000C8AB1D /* Relationship.swift */ = {isa = PBXFileReference; lastKnownFileType = sourcecode.swift; path = Relationship.swift; sourceTree = "<group>"; };
		511165DF2AED697600C8AB1D /* RelationshipEnum.swift */ = {isa = PBXFileReference; lastKnownFileType = sourcecode.swift; path = RelationshipEnum.swift; sourceTree = "<group>"; };
		511165E12AED6AAD00C8AB1D /* Game.swift */ = {isa = PBXFileReference; lastKnownFileType = sourcecode.swift; path = Game.swift; sourceTree = "<group>"; };
		511165E32AED6BB700C8AB1D /* Ability.swift */ = {isa = PBXFileReference; lastKnownFileType = sourcecode.swift; path = Ability.swift; sourceTree = "<group>"; };
		511165E52AED6C2B00C8AB1D /* AbilityStatistics.swift */ = {isa = PBXFileReference; lastKnownFileType = sourcecode.swift; path = AbilityStatistics.swift; sourceTree = "<group>"; };
		511165E72AED6C7D00C8AB1D /* DeathDamage.swift */ = {isa = PBXFileReference; lastKnownFileType = sourcecode.swift; path = DeathDamage.swift; sourceTree = "<group>"; };
		511165E92AED6CC100C8AB1D /* Poison.swift */ = {isa = PBXFileReference; lastKnownFileType = sourcecode.swift; path = Poison.swift; sourceTree = "<group>"; };
		511165EB2AED6D0200C8AB1D /* ChargedBoom.swift */ = {isa = PBXFileReference; lastKnownFileType = sourcecode.swift; path = ChargedBoom.swift; sourceTree = "<group>"; };
		511165ED2AED6D5300C8AB1D /* Sacrifice.swift */ = {isa = PBXFileReference; lastKnownFileType = sourcecode.swift; path = Sacrifice.swift; sourceTree = "<group>"; };
		511165EF2AED6E1A00C8AB1D /* User.swift */ = {isa = PBXFileReference; lastKnownFileType = sourcecode.swift; path = User.swift; sourceTree = "<group>"; };
		511165F12AED6E9200C8AB1D /* CharactersOwned.swift */ = {isa = PBXFileReference; lastKnownFileType = sourcecode.swift; path = CharactersOwned.swift; sourceTree = "<group>"; };
		511165F32AED6EDA00C8AB1D /* UserGame.swift */ = {isa = PBXFileReference; lastKnownFileType = sourcecode.swift; path = UserGame.swift; sourceTree = "<group>"; };
		511165F62AED6F1400C8AB1D /* CardsChosen.swift */ = {isa = PBXFileReference; lastKnownFileType = sourcecode.swift; path = CardsChosen.swift; sourceTree = "<group>"; };
		511165F82AED6F4A00C8AB1D /* CharactersOnBoard.swift */ = {isa = PBXFileReference; lastKnownFileType = sourcecode.swift; path = CharactersOnBoard.swift; sourceTree = "<group>"; };
		511165FD2AED701B00C8AB1D /* UserChests.swift */ = {isa = PBXFileReference; lastKnownFileType = sourcecode.swift; path = UserChests.swift; sourceTree = "<group>"; };
		511165FF2AED702E00C8AB1D /* UserChest.swift */ = {isa = PBXFileReference; lastKnownFileType = sourcecode.swift; path = UserChest.swift; sourceTree = "<group>"; };
		511166062AED989300C8AB1D /* CharacterProfile.swift */ = {isa = PBXFileReference; lastKnownFileType = sourcecode.swift; path = CharacterProfile.swift; sourceTree = "<group>"; };
		511166082AEDC24100C8AB1D /* OwnedCharacters.swift */ = {isa = PBXFileReference; lastKnownFileType = sourcecode.swift; path = OwnedCharacters.swift; sourceTree = "<group>"; };
		511166112AF08F9E00C8AB1D /* ChooseCharacters.swift */ = {isa = PBXFileReference; lastKnownFileType = sourcecode.swift; path = ChooseCharacters.swift; sourceTree = "<group>"; };
		511166152AF09AF900C8AB1D /* CardHolderSelection.swift */ = {isa = PBXFileReference; lastKnownFileType = sourcecode.swift; path = CardHolderSelection.swift; sourceTree = "<group>"; };
		511667122AEB2BCA002BD0AC /* EmptyCardHolder.swift */ = {isa = PBXFileReference; lastKnownFileType = sourcecode.swift; path = EmptyCardHolder.swift; sourceTree = "<group>"; };
		511667152AEC5CDC002BD0AC /* EmptyCardHolderSet.swift */ = {isa = PBXFileReference; lastKnownFileType = sourcecode.swift; path = EmptyCardHolderSet.swift; sourceTree = "<group>"; };
		51A7738D2AE0A488004C0BA7 /* Abilities-Unchained-Card-Duels.app */ = {isa = PBXFileReference; explicitFileType = wrapper.application; includeInIndex = 0; path = "Abilities-Unchained-Card-Duels.app"; sourceTree = BUILT_PRODUCTS_DIR; };
		51A773902AE0A488004C0BA7 /* Abilities_Unchained_Card_DuelsApp.swift */ = {isa = PBXFileReference; lastKnownFileType = sourcecode.swift; path = Abilities_Unchained_Card_DuelsApp.swift; sourceTree = "<group>"; };
		51A773922AE0A488004C0BA7 /* ContentView.swift */ = {isa = PBXFileReference; lastKnownFileType = sourcecode.swift; path = ContentView.swift; sourceTree = "<group>"; };
		51A773942AE0A489004C0BA7 /* Assets.xcassets */ = {isa = PBXFileReference; lastKnownFileType = folder.assetcatalog; path = Assets.xcassets; sourceTree = "<group>"; };
		51A773972AE0A489004C0BA7 /* Preview Assets.xcassets */ = {isa = PBXFileReference; lastKnownFileType = folder.assetcatalog; path = "Preview Assets.xcassets"; sourceTree = "<group>"; };
/* End PBXFileReference section */

/* Begin PBXFrameworksBuildPhase section */
		51A7738A2AE0A488004C0BA7 /* Frameworks */ = {
			isa = PBXFrameworksBuildPhase;
			buildActionMask = 2147483647;
			files = (
			);
			runOnlyForDeploymentPostprocessing = 0;
		};
/* End PBXFrameworksBuildPhase section */

/* Begin PBXGroup section */
		511165CB2AEC6CD600C8AB1D /* Model */ = {
			isa = PBXGroup;
			children = (
				511165DE2AED695900C8AB1D /* Enums */,
				511165D72AED672C00C8AB1D /* Relationship */,
				511165D62AED672500C8AB1D /* Chest */,
				511165D52AED671A00C8AB1D /* Game */,
				511165D42AED670F00C8AB1D /* Ability */,
				511165D32AED670200C8AB1D /* User */,
				511165D22AED66F600C8AB1D /* Character */,
			);
			path = Model;
			sourceTree = "<group>";
		};
		511165D02AEC89B300C8AB1D /* View */ = {
			isa = PBXGroup;
			children = (
				511166032AED973000C8AB1D /* ChooseDeck */,
				511166022AED968700C8AB1D /* HomeScreen */,
				511165D12AEC89C100C8AB1D /* Gameplay */,
			);
			path = View;
			sourceTree = "<group>";
		};
		511165D12AEC89C100C8AB1D /* Gameplay */ = {
			isa = PBXGroup;
			children = (
				511667122AEB2BCA002BD0AC /* EmptyCardHolder.swift */,
				511667152AEC5CDC002BD0AC /* EmptyCardHolderSet.swift */,
				511165CE2AEC892300C8AB1D /* GameplayView.swift */,
			);
			path = Gameplay;
			sourceTree = "<group>";
		};
		511165D22AED66F600C8AB1D /* Character */ = {
			isa = PBXGroup;
			children = (
				511165CC2AEC6DAC00C8AB1D /* Character.swift */,
				511165D82AED684000C8AB1D /* CharacterStatistics.swift */,
			);
			path = Character;
			sourceTree = "<group>";
		};
		511165D32AED670200C8AB1D /* User */ = {
			isa = PBXGroup;
			children = (
				511165FA2AED6FBF00C8AB1D /* Chest */,
				511165F52AED6EFF00C8AB1D /* Game */,
				511165EF2AED6E1A00C8AB1D /* User.swift */,
				511165F12AED6E9200C8AB1D /* CharactersOwned.swift */,
			);
			path = User;
			sourceTree = "<group>";
		};
		511165D42AED670F00C8AB1D /* Ability */ = {
			isa = PBXGroup;
			children = (
				511165E32AED6BB700C8AB1D /* Ability.swift */,
				511165E52AED6C2B00C8AB1D /* AbilityStatistics.swift */,
				511165E72AED6C7D00C8AB1D /* DeathDamage.swift */,
				511165E92AED6CC100C8AB1D /* Poison.swift */,
				511165EB2AED6D0200C8AB1D /* ChargedBoom.swift */,
				511165ED2AED6D5300C8AB1D /* Sacrifice.swift */,
			);
			path = Ability;
			sourceTree = "<group>";
		};
		511165D52AED671A00C8AB1D /* Game */ = {
			isa = PBXGroup;
			children = (
				511165E12AED6AAD00C8AB1D /* Game.swift */,
			);
			path = Game;
			sourceTree = "<group>";
		};
		511165D62AED672500C8AB1D /* Chest */ = {
			isa = PBXGroup;
			children = (
				511165DA2AED68B200C8AB1D /* Chest.swift */,
			);
			path = Chest;
			sourceTree = "<group>";
		};
		511165D72AED672C00C8AB1D /* Relationship */ = {
			isa = PBXGroup;
			children = (
				511165DC2AED693000C8AB1D /* Relationship.swift */,
			);
			path = Relationship;
			sourceTree = "<group>";
		};
		511165DE2AED695900C8AB1D /* Enums */ = {
			isa = PBXGroup;
			children = (
				511165DF2AED697600C8AB1D /* RelationshipEnum.swift */,
			);
			path = Enums;
			sourceTree = "<group>";
		};
		511165F52AED6EFF00C8AB1D /* Game */ = {
			isa = PBXGroup;
			children = (
				511165F32AED6EDA00C8AB1D /* UserGame.swift */,
				511165F62AED6F1400C8AB1D /* CardsChosen.swift */,
				511165F82AED6F4A00C8AB1D /* CharactersOnBoard.swift */,
			);
			path = Game;
			sourceTree = "<group>";
		};
		511165FA2AED6FBF00C8AB1D /* Chest */ = {
			isa = PBXGroup;
			children = (
				511165FD2AED701B00C8AB1D /* UserChests.swift */,
				511165FF2AED702E00C8AB1D /* UserChest.swift */,
			);
			path = Chest;
			sourceTree = "<group>";
		};
		511166022AED968700C8AB1D /* HomeScreen */ = {
			isa = PBXGroup;
			children = (
			);
			path = HomeScreen;
			sourceTree = "<group>";
		};
		511166032AED973000C8AB1D /* ChooseDeck */ = {
			isa = PBXGroup;
			children = (
				511166112AF08F9E00C8AB1D /* ChooseCharacters.swift */,
				511166152AF09AF900C8AB1D /* CardHolderSelection.swift */,
				511166102AEF7C3F00C8AB1D /* CharacterSelection */,
			);
			path = ChooseDeck;
			sourceTree = "<group>";
		};
		511166102AEF7C3F00C8AB1D /* CharacterSelection */ = {
			isa = PBXGroup;
			children = (
				511166062AED989300C8AB1D /* CharacterProfile.swift */,
				511166082AEDC24100C8AB1D /* OwnedCharacters.swift */,
			);
			path = CharacterSelection;
			sourceTree = "<group>";
		};
		51A773842AE0A488004C0BA7 = {
			isa = PBXGroup;
			children = (
				51A7738F2AE0A488004C0BA7 /* Abilities-Unchained-Card-Duels */,
				51A7738E2AE0A488004C0BA7 /* Products */,
			);
			sourceTree = "<group>";
		};
		51A7738E2AE0A488004C0BA7 /* Products */ = {
			isa = PBXGroup;
			children = (
				51A7738D2AE0A488004C0BA7 /* Abilities-Unchained-Card-Duels.app */,
			);
			name = Products;
			sourceTree = "<group>";
		};
		51A7738F2AE0A488004C0BA7 /* Abilities-Unchained-Card-Duels */ = {
			isa = PBXGroup;
			children = (
				511165D02AEC89B300C8AB1D /* View */,
				511165CB2AEC6CD600C8AB1D /* Model */,
				51A773902AE0A488004C0BA7 /* Abilities_Unchained_Card_DuelsApp.swift */,
				51A773922AE0A488004C0BA7 /* ContentView.swift */,
				51A773942AE0A489004C0BA7 /* Assets.xcassets */,
				51A773962AE0A489004C0BA7 /* Preview Content */,
			);
			path = "Abilities-Unchained-Card-Duels";
			sourceTree = "<group>";
		};
		51A773962AE0A489004C0BA7 /* Preview Content */ = {
			isa = PBXGroup;
			children = (
				51A773972AE0A489004C0BA7 /* Preview Assets.xcassets */,
			);
			path = "Preview Content";
			sourceTree = "<group>";
		};
/* End PBXGroup section */

/* Begin PBXNativeTarget section */
		51A7738C2AE0A488004C0BA7 /* Abilities-Unchained-Card-Duels */ = {
			isa = PBXNativeTarget;
			buildConfigurationList = 51A7739B2AE0A489004C0BA7 /* Build configuration list for PBXNativeTarget "Abilities-Unchained-Card-Duels" */;
			buildPhases = (
				51A773892AE0A488004C0BA7 /* Sources */,
				51A7738A2AE0A488004C0BA7 /* Frameworks */,
				51A7738B2AE0A488004C0BA7 /* Resources */,
			);
			buildRules = (
			);
			dependencies = (
			);
			name = "Abilities-Unchained-Card-Duels";
			productName = "Abilities-Unchained-Card-Duels";
			productReference = 51A7738D2AE0A488004C0BA7 /* Abilities-Unchained-Card-Duels.app */;
			productType = "com.apple.product-type.application";
		};
/* End PBXNativeTarget section */

/* Begin PBXProject section */
		51A773852AE0A488004C0BA7 /* Project object */ = {
			isa = PBXProject;
			attributes = {
				BuildIndependentTargetsInParallel = 1;
				LastSwiftUpdateCheck = 1420;
				LastUpgradeCheck = 1420;
				TargetAttributes = {
					51A7738C2AE0A488004C0BA7 = {
						CreatedOnToolsVersion = 14.2;
					};
				};
			};
			buildConfigurationList = 51A773882AE0A488004C0BA7 /* Build configuration list for PBXProject "Abilities-Unchained-Card-Duels" */;
			compatibilityVersion = "Xcode 14.0";
			developmentRegion = en;
			hasScannedForEncodings = 0;
			knownRegions = (
				en,
				Base,
			);
			mainGroup = 51A773842AE0A488004C0BA7;
			productRefGroup = 51A7738E2AE0A488004C0BA7 /* Products */;
			projectDirPath = "";
			projectRoot = "";
			targets = (
				51A7738C2AE0A488004C0BA7 /* Abilities-Unchained-Card-Duels */,
			);
		};
/* End PBXProject section */

/* Begin PBXResourcesBuildPhase section */
		51A7738B2AE0A488004C0BA7 /* Resources */ = {
			isa = PBXResourcesBuildPhase;
			buildActionMask = 2147483647;
			files = (
				51A773982AE0A489004C0BA7 /* Preview Assets.xcassets in Resources */,
				51A773952AE0A489004C0BA7 /* Assets.xcassets in Resources */,
			);
			runOnlyForDeploymentPostprocessing = 0;
		};
/* End PBXResourcesBuildPhase section */

/* Begin PBXSourcesBuildPhase section */
		51A773892AE0A488004C0BA7 /* Sources */ = {
			isa = PBXSourcesBuildPhase;
			buildActionMask = 2147483647;
			files = (
				511166162AF09AF900C8AB1D /* CardHolderSelection.swift in Sources */,
				511165CF2AEC892300C8AB1D /* GameplayView.swift in Sources */,
				511165E62AED6C2B00C8AB1D /* AbilityStatistics.swift in Sources */,
				511165F42AED6EDA00C8AB1D /* UserGame.swift in Sources */,
				511165DD2AED693000C8AB1D /* Relationship.swift in Sources */,
				51A773932AE0A488004C0BA7 /* ContentView.swift in Sources */,
				511667132AEB2BCA002BD0AC /* EmptyCardHolder.swift in Sources */,
				511165E02AED697600C8AB1D /* RelationshipEnum.swift in Sources */,
				511165CD2AEC6DAC00C8AB1D /* Character.swift in Sources */,
				511165EC2AED6D0200C8AB1D /* ChargedBoom.swift in Sources */,
				511165E22AED6AAD00C8AB1D /* Game.swift in Sources */,
				511165D92AED684000C8AB1D /* CharacterStatistics.swift in Sources */,
				511165E82AED6C7D00C8AB1D /* DeathDamage.swift in Sources */,
				511165EA2AED6CC100C8AB1D /* Poison.swift in Sources */,
				511165F92AED6F4A00C8AB1D /* CharactersOnBoard.swift in Sources */,
				511165F22AED6E9200C8AB1D /* CharactersOwned.swift in Sources */,
				511165EE2AED6D5300C8AB1D /* Sacrifice.swift in Sources */,
				511166002AED702E00C8AB1D /* UserChest.swift in Sources */,
				511165DB2AED68B200C8AB1D /* Chest.swift in Sources */,
				511165F02AED6E1A00C8AB1D /* User.swift in Sources */,
				511165F72AED6F1400C8AB1D /* CardsChosen.swift in Sources */,
				511166072AED989300C8AB1D /* CharacterProfile.swift in Sources */,
				511166092AEDC24100C8AB1D /* OwnedCharacters.swift in Sources */,
				511166122AF08F9E00C8AB1D /* ChooseCharacters.swift in Sources */,
				511667162AEC5CDC002BD0AC /* EmptyCardHolderSet.swift in Sources */,
				511165E42AED6BB700C8AB1D /* Ability.swift in Sources */,
				511165FE2AED701B00C8AB1D /* UserChests.swift in Sources */,
				51A773912AE0A488004C0BA7 /* Abilities_Unchained_Card_DuelsApp.swift in Sources */,
			);
			runOnlyForDeploymentPostprocessing = 0;
		};
/* End PBXSourcesBuildPhase section */

/* Begin XCBuildConfiguration section */
		51A773992AE0A489004C0BA7 /* Debug */ = {
			isa = XCBuildConfiguration;
			buildSettings = {
				ALWAYS_SEARCH_USER_PATHS = NO;
				CLANG_ANALYZER_NONNULL = YES;
				CLANG_ANALYZER_NUMBER_OBJECT_CONVERSION = YES_AGGRESSIVE;
				CLANG_CXX_LANGUAGE_STANDARD = "gnu++20";
				CLANG_ENABLE_MODULES = YES;
				CLANG_ENABLE_OBJC_ARC = YES;
				CLANG_ENABLE_OBJC_WEAK = YES;
				CLANG_WARN_BLOCK_CAPTURE_AUTORELEASING = YES;
				CLANG_WARN_BOOL_CONVERSION = YES;
				CLANG_WARN_COMMA = YES;
				CLANG_WARN_CONSTANT_CONVERSION = YES;
				CLANG_WARN_DEPRECATED_OBJC_IMPLEMENTATIONS = YES;
				CLANG_WARN_DIRECT_OBJC_ISA_USAGE = YES_ERROR;
				CLANG_WARN_DOCUMENTATION_COMMENTS = YES;
				CLANG_WARN_EMPTY_BODY = YES;
				CLANG_WARN_ENUM_CONVERSION = YES;
				CLANG_WARN_INFINITE_RECURSION = YES;
				CLANG_WARN_INT_CONVERSION = YES;
				CLANG_WARN_NON_LITERAL_NULL_CONVERSION = YES;
				CLANG_WARN_OBJC_IMPLICIT_RETAIN_SELF = YES;
				CLANG_WARN_OBJC_LITERAL_CONVERSION = YES;
				CLANG_WARN_OBJC_ROOT_CLASS = YES_ERROR;
				CLANG_WARN_QUOTED_INCLUDE_IN_FRAMEWORK_HEADER = YES;
				CLANG_WARN_RANGE_LOOP_ANALYSIS = YES;
				CLANG_WARN_STRICT_PROTOTYPES = YES;
				CLANG_WARN_SUSPICIOUS_MOVE = YES;
				CLANG_WARN_UNGUARDED_AVAILABILITY = YES_AGGRESSIVE;
				CLANG_WARN_UNREACHABLE_CODE = YES;
				CLANG_WARN__DUPLICATE_METHOD_MATCH = YES;
				COPY_PHASE_STRIP = NO;
				DEBUG_INFORMATION_FORMAT = dwarf;
				ENABLE_STRICT_OBJC_MSGSEND = YES;
				ENABLE_TESTABILITY = YES;
				GCC_C_LANGUAGE_STANDARD = gnu11;
				GCC_DYNAMIC_NO_PIC = NO;
				GCC_NO_COMMON_BLOCKS = YES;
				GCC_OPTIMIZATION_LEVEL = 0;
				GCC_PREPROCESSOR_DEFINITIONS = (
					"DEBUG=1",
					"$(inherited)",
				);
				GCC_WARN_64_TO_32_BIT_CONVERSION = YES;
				GCC_WARN_ABOUT_RETURN_TYPE = YES_ERROR;
				GCC_WARN_UNDECLARED_SELECTOR = YES;
				GCC_WARN_UNINITIALIZED_AUTOS = YES_AGGRESSIVE;
				GCC_WARN_UNUSED_FUNCTION = YES;
				GCC_WARN_UNUSED_VARIABLE = YES;
				IPHONEOS_DEPLOYMENT_TARGET = 16.2;
				MTL_ENABLE_DEBUG_INFO = INCLUDE_SOURCE;
				MTL_FAST_MATH = YES;
				ONLY_ACTIVE_ARCH = YES;
				SDKROOT = iphoneos;
				SWIFT_ACTIVE_COMPILATION_CONDITIONS = DEBUG;
				SWIFT_OPTIMIZATION_LEVEL = "-Onone";
			};
			name = Debug;
		};
		51A7739A2AE0A489004C0BA7 /* Release */ = {
			isa = XCBuildConfiguration;
			buildSettings = {
				ALWAYS_SEARCH_USER_PATHS = NO;
				CLANG_ANALYZER_NONNULL = YES;
				CLANG_ANALYZER_NUMBER_OBJECT_CONVERSION = YES_AGGRESSIVE;
				CLANG_CXX_LANGUAGE_STANDARD = "gnu++20";
				CLANG_ENABLE_MODULES = YES;
				CLANG_ENABLE_OBJC_ARC = YES;
				CLANG_ENABLE_OBJC_WEAK = YES;
				CLANG_WARN_BLOCK_CAPTURE_AUTORELEASING = YES;
				CLANG_WARN_BOOL_CONVERSION = YES;
				CLANG_WARN_COMMA = YES;
				CLANG_WARN_CONSTANT_CONVERSION = YES;
				CLANG_WARN_DEPRECATED_OBJC_IMPLEMENTATIONS = YES;
				CLANG_WARN_DIRECT_OBJC_ISA_USAGE = YES_ERROR;
				CLANG_WARN_DOCUMENTATION_COMMENTS = YES;
				CLANG_WARN_EMPTY_BODY = YES;
				CLANG_WARN_ENUM_CONVERSION = YES;
				CLANG_WARN_INFINITE_RECURSION = YES;
				CLANG_WARN_INT_CONVERSION = YES;
				CLANG_WARN_NON_LITERAL_NULL_CONVERSION = YES;
				CLANG_WARN_OBJC_IMPLICIT_RETAIN_SELF = YES;
				CLANG_WARN_OBJC_LITERAL_CONVERSION = YES;
				CLANG_WARN_OBJC_ROOT_CLASS = YES_ERROR;
				CLANG_WARN_QUOTED_INCLUDE_IN_FRAMEWORK_HEADER = YES;
				CLANG_WARN_RANGE_LOOP_ANALYSIS = YES;
				CLANG_WARN_STRICT_PROTOTYPES = YES;
				CLANG_WARN_SUSPICIOUS_MOVE = YES;
				CLANG_WARN_UNGUARDED_AVAILABILITY = YES_AGGRESSIVE;
				CLANG_WARN_UNREACHABLE_CODE = YES;
				CLANG_WARN__DUPLICATE_METHOD_MATCH = YES;
				COPY_PHASE_STRIP = NO;
				DEBUG_INFORMATION_FORMAT = "dwarf-with-dsym";
				ENABLE_NS_ASSERTIONS = NO;
				ENABLE_STRICT_OBJC_MSGSEND = YES;
				GCC_C_LANGUAGE_STANDARD = gnu11;
				GCC_NO_COMMON_BLOCKS = YES;
				GCC_WARN_64_TO_32_BIT_CONVERSION = YES;
				GCC_WARN_ABOUT_RETURN_TYPE = YES_ERROR;
				GCC_WARN_UNDECLARED_SELECTOR = YES;
				GCC_WARN_UNINITIALIZED_AUTOS = YES_AGGRESSIVE;
				GCC_WARN_UNUSED_FUNCTION = YES;
				GCC_WARN_UNUSED_VARIABLE = YES;
				IPHONEOS_DEPLOYMENT_TARGET = 16.2;
				MTL_ENABLE_DEBUG_INFO = NO;
				MTL_FAST_MATH = YES;
				SDKROOT = iphoneos;
				SWIFT_COMPILATION_MODE = wholemodule;
				SWIFT_OPTIMIZATION_LEVEL = "-O";
				VALIDATE_PRODUCT = YES;
			};
			name = Release;
		};
		51A7739C2AE0A489004C0BA7 /* Debug */ = {
			isa = XCBuildConfiguration;
			buildSettings = {
				ASSETCATALOG_COMPILER_APPICON_NAME = AppIcon;
				ASSETCATALOG_COMPILER_GLOBAL_ACCENT_COLOR_NAME = AccentColor;
				CODE_SIGN_STYLE = Automatic;
				CURRENT_PROJECT_VERSION = 1;
				DEVELOPMENT_ASSET_PATHS = "\"Abilities-Unchained-Card-Duels/Preview Content\"";
				DEVELOPMENT_TEAM = DTJJW4ZA3R;
				ENABLE_PREVIEWS = YES;
				GENERATE_INFOPLIST_FILE = YES;
				INFOPLIST_KEY_UIApplicationSceneManifest_Generation = YES;
				INFOPLIST_KEY_UIApplicationSupportsIndirectInputEvents = YES;
				INFOPLIST_KEY_UILaunchScreen_Generation = YES;
				INFOPLIST_KEY_UISupportedInterfaceOrientations_iPad = "UIInterfaceOrientationPortrait UIInterfaceOrientationPortraitUpsideDown UIInterfaceOrientationLandscapeLeft UIInterfaceOrientationLandscapeRight";
				INFOPLIST_KEY_UISupportedInterfaceOrientations_iPhone = "UIInterfaceOrientationPortrait UIInterfaceOrientationLandscapeLeft UIInterfaceOrientationLandscapeRight";
				LD_RUNPATH_SEARCH_PATHS = (
					"$(inherited)",
					"@executable_path/Frameworks",
				);
				MARKETING_VERSION = 1.0;
				PRODUCT_BUNDLE_IDENTIFIER = "com.CardRealm-Creations.Abilities-Unchained-Card-Duels";
				PRODUCT_NAME = "$(TARGET_NAME)";
				SWIFT_EMIT_LOC_STRINGS = YES;
				SWIFT_VERSION = 5.0;
				TARGETED_DEVICE_FAMILY = "1,2";
			};
			name = Debug;
		};
		51A7739D2AE0A489004C0BA7 /* Release */ = {
			isa = XCBuildConfiguration;
			buildSettings = {
				ASSETCATALOG_COMPILER_APPICON_NAME = AppIcon;
				ASSETCATALOG_COMPILER_GLOBAL_ACCENT_COLOR_NAME = AccentColor;
				CODE_SIGN_STYLE = Automatic;
				CURRENT_PROJECT_VERSION = 1;
				DEVELOPMENT_ASSET_PATHS = "\"Abilities-Unchained-Card-Duels/Preview Content\"";
				DEVELOPMENT_TEAM = DTJJW4ZA3R;
				ENABLE_PREVIEWS = YES;
				GENERATE_INFOPLIST_FILE = YES;
				INFOPLIST_KEY_UIApplicationSceneManifest_Generation = YES;
				INFOPLIST_KEY_UIApplicationSupportsIndirectInputEvents = YES;
				INFOPLIST_KEY_UILaunchScreen_Generation = YES;
				INFOPLIST_KEY_UISupportedInterfaceOrientations_iPad = "UIInterfaceOrientationPortrait UIInterfaceOrientationPortraitUpsideDown UIInterfaceOrientationLandscapeLeft UIInterfaceOrientationLandscapeRight";
				INFOPLIST_KEY_UISupportedInterfaceOrientations_iPhone = "UIInterfaceOrientationPortrait UIInterfaceOrientationLandscapeLeft UIInterfaceOrientationLandscapeRight";
				LD_RUNPATH_SEARCH_PATHS = (
					"$(inherited)",
					"@executable_path/Frameworks",
				);
				MARKETING_VERSION = 1.0;
				PRODUCT_BUNDLE_IDENTIFIER = "com.CardRealm-Creations.Abilities-Unchained-Card-Duels";
				PRODUCT_NAME = "$(TARGET_NAME)";
				SWIFT_EMIT_LOC_STRINGS = YES;
				SWIFT_VERSION = 5.0;
				TARGETED_DEVICE_FAMILY = "1,2";
			};
			name = Release;
		};
/* End XCBuildConfiguration section */

/* Begin XCConfigurationList section */
		51A773882AE0A488004C0BA7 /* Build configuration list for PBXProject "Abilities-Unchained-Card-Duels" */ = {
			isa = XCConfigurationList;
			buildConfigurations = (
				51A773992AE0A489004C0BA7 /* Debug */,
				51A7739A2AE0A489004C0BA7 /* Release */,
			);
			defaultConfigurationIsVisible = 0;
			defaultConfigurationName = Release;
		};
		51A7739B2AE0A489004C0BA7 /* Build configuration list for PBXNativeTarget "Abilities-Unchained-Card-Duels" */ = {
			isa = XCConfigurationList;
			buildConfigurations = (
				51A7739C2AE0A489004C0BA7 /* Debug */,
				51A7739D2AE0A489004C0BA7 /* Release */,
			);
			defaultConfigurationIsVisible = 0;
			defaultConfigurationName = Release;
		};
/* End XCConfigurationList section */
	};
	rootObject = 51A773852AE0A488004C0BA7 /* Project object */;
}
